// !$*UTF8*$!
{
	archiveVersion = 1;
	classes = {
	};
	objectVersion = 48;
	objects = {

/* Begin PBXBuildFile section */
		1E274BD91FBE387800F0D22D /* SignIn.swift in Sources */ = {isa = PBXBuildFile; fileRef = 1E274BD81FBE387800F0D22D /* SignIn.swift */; };
		1E407C0D1FBE126100A1885B /* LandingPage.swift in Sources */ = {isa = PBXBuildFile; fileRef = 1E407C0C1FBE126100A1885B /* LandingPage.swift */; };
		1E407C0F1FBE131200A1885B /* AlertController.swift in Sources */ = {isa = PBXBuildFile; fileRef = 1E407C0E1FBE131200A1885B /* AlertController.swift */; };
		1E407C111FBE201B00A1885B /* SignUp.swift in Sources */ = {isa = PBXBuildFile; fileRef = 1E407C101FBE201B00A1885B /* SignUp.swift */; };
		1E42D2E81FBE0DA400C71652 /* AppDelegate.swift in Sources */ = {isa = PBXBuildFile; fileRef = 1E42D2E71FBE0DA400C71652 /* AppDelegate.swift */; };
		1E42D2EA1FBE0DA400C71652 /* ViewController.swift in Sources */ = {isa = PBXBuildFile; fileRef = 1E42D2E91FBE0DA400C71652 /* ViewController.swift */; };
		1E42D2ED1FBE0DA400C71652 /* Main.storyboard in Resources */ = {isa = PBXBuildFile; fileRef = 1E42D2EB1FBE0DA400C71652 /* Main.storyboard */; };
		1E42D2EF1FBE0DA400C71652 /* Assets.xcassets in Resources */ = {isa = PBXBuildFile; fileRef = 1E42D2EE1FBE0DA400C71652 /* Assets.xcassets */; };
		1E42D2F21FBE0DA400C71652 /* LaunchScreen.storyboard in Resources */ = {isa = PBXBuildFile; fileRef = 1E42D2F01FBE0DA400C71652 /* LaunchScreen.storyboard */; };
		1E561F401FBE47F10098CAAF /* MainView.swift in Sources */ = {isa = PBXBuildFile; fileRef = 1E561F3F1FBE47F10098CAAF /* MainView.swift */; };
		1E561F421FBE498C0098CAAF /* ProfileView.swift in Sources */ = {isa = PBXBuildFile; fileRef = 1E561F411FBE498C0098CAAF /* ProfileView.swift */; };
		1EB36DC31FC337F900BAB529 /* GoogleService-Info.plist in Resources */ = {isa = PBXBuildFile; fileRef = 1EB36DC21FC337F900BAB529 /* GoogleService-Info.plist */; };
		3EAE90961FC3B14A003BA131 /* FlyOutMenu.swift in Sources */ = {isa = PBXBuildFile; fileRef = 3EAE90951FC3B14A003BA131 /* FlyOutMenu.swift */; };
		3EAE90981FC3B744003BA131 /* FavoritesView.swift in Sources */ = {isa = PBXBuildFile; fileRef = 3EAE90971FC3B744003BA131 /* FavoritesView.swift */; };
		A8D5F3DE46D04B1E4D6141AA /* Pods_UTARider.framework in Frameworks */ = {isa = PBXBuildFile; fileRef = 4465BD55CF23E967633DD8CA /* Pods_UTARider.framework */; };
/* End PBXBuildFile section */

/* Begin PBXFileReference section */
		1BC6C0CD254E2F351558F76E /* Pods-UTARider.release.xcconfig */ = {isa = PBXFileReference; includeInIndex = 1; lastKnownFileType = text.xcconfig; name = "Pods-UTARider.release.xcconfig"; path = "Pods/Target Support Files/Pods-UTARider/Pods-UTARider.release.xcconfig"; sourceTree = "<group>"; };
		1E274BD81FBE387800F0D22D /* SignIn.swift */ = {isa = PBXFileReference; lastKnownFileType = sourcecode.swift; path = SignIn.swift; sourceTree = "<group>"; };
		1E407C0C1FBE126100A1885B /* LandingPage.swift */ = {isa = PBXFileReference; lastKnownFileType = sourcecode.swift; path = LandingPage.swift; sourceTree = "<group>"; };
		1E407C0E1FBE131200A1885B /* AlertController.swift */ = {isa = PBXFileReference; lastKnownFileType = sourcecode.swift; path = AlertController.swift; sourceTree = "<group>"; };
		1E407C101FBE201B00A1885B /* SignUp.swift */ = {isa = PBXFileReference; lastKnownFileType = sourcecode.swift; path = SignUp.swift; sourceTree = "<group>"; };
		1E42D2E41FBE0DA400C71652 /* UTARider.app */ = {isa = PBXFileReference; explicitFileType = wrapper.application; includeInIndex = 0; path = UTARider.app; sourceTree = BUILT_PRODUCTS_DIR; };
		1E42D2E71FBE0DA400C71652 /* AppDelegate.swift */ = {isa = PBXFileReference; lastKnownFileType = sourcecode.swift; path = AppDelegate.swift; sourceTree = "<group>"; };
		1E42D2E91FBE0DA400C71652 /* ViewController.swift */ = {isa = PBXFileReference; lastKnownFileType = sourcecode.swift; path = ViewController.swift; sourceTree = "<group>"; };
		1E42D2EC1FBE0DA400C71652 /* Base */ = {isa = PBXFileReference; lastKnownFileType = file.storyboard; name = Base; path = Base.lproj/Main.storyboard; sourceTree = "<group>"; };
		1E42D2EE1FBE0DA400C71652 /* Assets.xcassets */ = {isa = PBXFileReference; lastKnownFileType = folder.assetcatalog; path = Assets.xcassets; sourceTree = "<group>"; };
		1E42D2F11FBE0DA400C71652 /* Base */ = {isa = PBXFileReference; lastKnownFileType = file.storyboard; name = Base; path = Base.lproj/LaunchScreen.storyboard; sourceTree = "<group>"; };
		1E42D2F31FBE0DA400C71652 /* Info.plist */ = {isa = PBXFileReference; lastKnownFileType = text.plist.xml; path = Info.plist; sourceTree = "<group>"; };
		1E561F3F1FBE47F10098CAAF /* MainView.swift */ = {isa = PBXFileReference; lastKnownFileType = sourcecode.swift; path = MainView.swift; sourceTree = "<group>"; };
		1E561F411FBE498C0098CAAF /* ProfileView.swift */ = {isa = PBXFileReference; lastKnownFileType = sourcecode.swift; path = ProfileView.swift; sourceTree = "<group>"; };
		1EA481C51FBE52DB0046037B /* CoreLocation.framework */ = {isa = PBXFileReference; lastKnownFileType = wrapper.framework; name = CoreLocation.framework; path = System/Library/Frameworks/CoreLocation.framework; sourceTree = SDKROOT; };
		1EA481C61FBE54700046037B /* MapKit.framework */ = {isa = PBXFileReference; lastKnownFileType = wrapper.framework; name = MapKit.framework; path = System/Library/Frameworks/MapKit.framework; sourceTree = SDKROOT; };
		1EB36DC21FC337F900BAB529 /* GoogleService-Info.plist */ = {isa = PBXFileReference; fileEncoding = 4; lastKnownFileType = text.plist.xml; path = "GoogleService-Info.plist"; sourceTree = "<group>"; };
		3EAE90951FC3B14A003BA131 /* FlyOutMenu.swift */ = {isa = PBXFileReference; lastKnownFileType = sourcecode.swift; path = FlyOutMenu.swift; sourceTree = "<group>"; };
		3EAE90971FC3B744003BA131 /* FavoritesView.swift */ = {isa = PBXFileReference; lastKnownFileType = sourcecode.swift; path = FavoritesView.swift; sourceTree = "<group>"; };
		4465BD55CF23E967633DD8CA /* Pods_UTARider.framework */ = {isa = PBXFileReference; explicitFileType = wrapper.framework; includeInIndex = 0; path = Pods_UTARider.framework; sourceTree = BUILT_PRODUCTS_DIR; };
		5F8ADDD96C932C1F3144A73D /* Pods-UTARider.debug.xcconfig */ = {isa = PBXFileReference; includeInIndex = 1; lastKnownFileType = text.xcconfig; name = "Pods-UTARider.debug.xcconfig"; path = "Pods/Target Support Files/Pods-UTARider/Pods-UTARider.debug.xcconfig"; sourceTree = "<group>"; };
/* End PBXFileReference section */

/* Begin PBXFrameworksBuildPhase section */
		1E42D2E11FBE0DA400C71652 /* Frameworks */ = {
			isa = PBXFrameworksBuildPhase;
			buildActionMask = 2147483647;
			files = (
				A8D5F3DE46D04B1E4D6141AA /* Pods_UTARider.framework in Frameworks */,
			);
			runOnlyForDeploymentPostprocessing = 0;
		};
/* End PBXFrameworksBuildPhase section */

/* Begin PBXGroup section */
		1E42D2DB1FBE0DA400C71652 = {
			isa = PBXGroup;
			children = (
				1E42D2E61FBE0DA400C71652 /* UTARider */,
				1E42D2E51FBE0DA400C71652 /* Products */,
				51D4C42FE4637899C528B7EC /* Pods */,
				9D753F00A99831CE67327640 /* Frameworks */,
			);
			sourceTree = "<group>";
		};
		1E42D2E51FBE0DA400C71652 /* Products */ = {
			isa = PBXGroup;
			children = (
				1E42D2E41FBE0DA400C71652 /* UTARider.app */,
			);
			name = Products;
			sourceTree = "<group>";
		};
		1E42D2E61FBE0DA400C71652 /* UTARider */ = {
			isa = PBXGroup;
			children = (
				1E42D2E71FBE0DA400C71652 /* AppDelegate.swift */,
				1E42D2E91FBE0DA400C71652 /* ViewController.swift */,
				1E42D2EB1FBE0DA400C71652 /* Main.storyboard */,
				1E42D2EE1FBE0DA400C71652 /* Assets.xcassets */,
				1E42D2F01FBE0DA400C71652 /* LaunchScreen.storyboard */,
				1E42D2F31FBE0DA400C71652 /* Info.plist */,
				1EB36DC21FC337F900BAB529 /* GoogleService-Info.plist */,
				1E407C0C1FBE126100A1885B /* LandingPage.swift */,
				1E407C0E1FBE131200A1885B /* AlertController.swift */,
				1E407C101FBE201B00A1885B /* SignUp.swift */,
				1E274BD81FBE387800F0D22D /* SignIn.swift */,
				1E561F3F1FBE47F10098CAAF /* MainView.swift */,
				1E561F411FBE498C0098CAAF /* ProfileView.swift */,
				3EAE90951FC3B14A003BA131 /* FlyOutMenu.swift */,
				3EAE90971FC3B744003BA131 /* FavoritesView.swift */,
			);
			path = UTARider;
			sourceTree = "<group>";
		};
		51D4C42FE4637899C528B7EC /* Pods */ = {
			isa = PBXGroup;
			children = (
				5F8ADDD96C932C1F3144A73D /* Pods-UTARider.debug.xcconfig */,
				1BC6C0CD254E2F351558F76E /* Pods-UTARider.release.xcconfig */,
			);
			name = Pods;
			sourceTree = "<group>";
		};
		9D753F00A99831CE67327640 /* Frameworks */ = {
			isa = PBXGroup;
			children = (
				1EA481C61FBE54700046037B /* MapKit.framework */,
				1EA481C51FBE52DB0046037B /* CoreLocation.framework */,
				4465BD55CF23E967633DD8CA /* Pods_UTARider.framework */,
			);
			name = Frameworks;
			sourceTree = "<group>";
		};
/* End PBXGroup section */

/* Begin PBXNativeTarget section */
		1E42D2E31FBE0DA400C71652 /* UTARider */ = {
			isa = PBXNativeTarget;
			buildConfigurationList = 1E42D2F61FBE0DA400C71652 /* Build configuration list for PBXNativeTarget "UTARider" */;
			buildPhases = (
				93323C28CF0DB9B5D60E0CBA /* [CP] Check Pods Manifest.lock */,
				1E42D2E01FBE0DA400C71652 /* Sources */,
				1E42D2E11FBE0DA400C71652 /* Frameworks */,
				1E42D2E21FBE0DA400C71652 /* Resources */,
				41FC7507898AFB6A24685A37 /* [CP] Embed Pods Frameworks */,
				BF34957F528B6DAF245C98DF /* [CP] Copy Pods Resources */,
			);
			buildRules = (
			);
			dependencies = (
			);
			name = UTARider;
			productName = UTARider;
			productReference = 1E42D2E41FBE0DA400C71652 /* UTARider.app */;
			productType = "com.apple.product-type.application";
		};
/* End PBXNativeTarget section */

/* Begin PBXProject section */
		1E42D2DC1FBE0DA400C71652 /* Project object */ = {
			isa = PBXProject;
			attributes = {
				LastSwiftUpdateCheck = 0910;
				LastUpgradeCheck = 0910;
				ORGANIZATIONNAME = Rubenmobile;
				TargetAttributes = {
					1E42D2E31FBE0DA400C71652 = {
						CreatedOnToolsVersion = 9.1;
						ProvisioningStyle = Automatic;
					};
				};
			};
			buildConfigurationList = 1E42D2DF1FBE0DA400C71652 /* Build configuration list for PBXProject "UTARider" */;
			compatibilityVersion = "Xcode 8.0";
			developmentRegion = en;
			hasScannedForEncodings = 0;
			knownRegions = (
				en,
				Base,
			);
			mainGroup = 1E42D2DB1FBE0DA400C71652;
			productRefGroup = 1E42D2E51FBE0DA400C71652 /* Products */;
			projectDirPath = "";
			projectRoot = "";
			targets = (
				1E42D2E31FBE0DA400C71652 /* UTARider */,
			);
		};
/* End PBXProject section */

/* Begin PBXResourcesBuildPhase section */
		1E42D2E21FBE0DA400C71652 /* Resources */ = {
			isa = PBXResourcesBuildPhase;
			buildActionMask = 2147483647;
			files = (
				1E42D2F21FBE0DA400C71652 /* LaunchScreen.storyboard in Resources */,
				1EB36DC31FC337F900BAB529 /* GoogleService-Info.plist in Resources */,
				1E42D2EF1FBE0DA400C71652 /* Assets.xcassets in Resources */,
				1E42D2ED1FBE0DA400C71652 /* Main.storyboard in Resources */,
			);
			runOnlyForDeploymentPostprocessing = 0;
		};
/* End PBXResourcesBuildPhase section */

/* Begin PBXShellScriptBuildPhase section */
		41FC7507898AFB6A24685A37 /* [CP] Embed Pods Frameworks */ = {
			isa = PBXShellScriptBuildPhase;
			buildActionMask = 2147483647;
			files = (
			);
			inputPaths = (
				"${SRCROOT}/Pods/Target Support Files/Pods-UTARider/Pods-UTARider-frameworks.sh",
				"${BUILT_PRODUCTS_DIR}/GTMSessionFetcher/GTMSessionFetcher.framework",
				"${BUILT_PRODUCTS_DIR}/GoogleToolboxForMac/GoogleToolboxForMac.framework",
				"${BUILT_PRODUCTS_DIR}/nanopb/nanopb.framework",
			);
			name = "[CP] Embed Pods Frameworks";
			outputPaths = (
				"${TARGET_BUILD_DIR}/${FRAMEWORKS_FOLDER_PATH}/GTMSessionFetcher.framework",
				"${TARGET_BUILD_DIR}/${FRAMEWORKS_FOLDER_PATH}/GoogleToolboxForMac.framework",
				"${TARGET_BUILD_DIR}/${FRAMEWORKS_FOLDER_PATH}/nanopb.framework",
			);
			runOnlyForDeploymentPostprocessing = 0;
			shellPath = /bin/sh;
			shellScript = "\"${SRCROOT}/Pods/Target Support Files/Pods-UTARider/Pods-UTARider-frameworks.sh\"\n";
			showEnvVarsInLog = 0;
		};
		93323C28CF0DB9B5D60E0CBA /* [CP] Check Pods Manifest.lock */ = {
			isa = PBXShellScriptBuildPhase;
			buildActionMask = 2147483647;
			files = (
			);
			inputPaths = (
				"${PODS_PODFILE_DIR_PATH}/Podfile.lock",
				"${PODS_ROOT}/Manifest.lock",
			);
			name = "[CP] Check Pods Manifest.lock";
			outputPaths = (
				"$(DERIVED_FILE_DIR)/Pods-UTARider-checkManifestLockResult.txt",
			);
			runOnlyForDeploymentPostprocessing = 0;
			shellPath = /bin/sh;
			shellScript = "diff \"${PODS_PODFILE_DIR_PATH}/Podfile.lock\" \"${PODS_ROOT}/Manifest.lock\" > /dev/null\nif [ $? != 0 ] ; then\n    # print error to STDERR\n    echo \"error: The sandbox is not in sync with the Podfile.lock. Run 'pod install' or update your CocoaPods installation.\" >&2\n    exit 1\nfi\n# This output is used by Xcode 'outputs' to avoid re-running this script phase.\necho \"SUCCESS\" > \"${SCRIPT_OUTPUT_FILE_0}\"\n";
			showEnvVarsInLog = 0;
		};
		BF34957F528B6DAF245C98DF /* [CP] Copy Pods Resources */ = {
			isa = PBXShellScriptBuildPhase;
			buildActionMask = 2147483647;
			files = (
			);
			inputPaths = (
			);
			name = "[CP] Copy Pods Resources";
			outputPaths = (
			);
			runOnlyForDeploymentPostprocessing = 0;
			shellPath = /bin/sh;
			shellScript = "\"${SRCROOT}/Pods/Target Support Files/Pods-UTARider/Pods-UTARider-resources.sh\"\n";
			showEnvVarsInLog = 0;
		};
/* End PBXShellScriptBuildPhase section */

/* Begin PBXSourcesBuildPhase section */
		1E42D2E01FBE0DA400C71652 /* Sources */ = {
			isa = PBXSourcesBuildPhase;
			buildActionMask = 2147483647;
			files = (
				3EAE90981FC3B744003BA131 /* FavoritesView.swift in Sources */,
				1E561F421FBE498C0098CAAF /* ProfileView.swift in Sources */,
				3EAE90961FC3B14A003BA131 /* FlyOutMenu.swift in Sources */,
				1E407C0F1FBE131200A1885B /* AlertController.swift in Sources */,
				1E561F401FBE47F10098CAAF /* MainView.swift in Sources */,
				1E274BD91FBE387800F0D22D /* SignIn.swift in Sources */,
				1E42D2EA1FBE0DA400C71652 /* ViewController.swift in Sources */,
				1E42D2E81FBE0DA400C71652 /* AppDelegate.swift in Sources */,
				1E407C0D1FBE126100A1885B /* LandingPage.swift in Sources */,
				1E407C111FBE201B00A1885B /* SignUp.swift in Sources */,
			);
			runOnlyForDeploymentPostprocessing = 0;
		};
/* End PBXSourcesBuildPhase section */

/* Begin PBXVariantGroup section */
		1E42D2EB1FBE0DA400C71652 /* Main.storyboard */ = {
			isa = PBXVariantGroup;
			children = (
				1E42D2EC1FBE0DA400C71652 /* Base */,
			);
			name = Main.storyboard;
			sourceTree = "<group>";
		};
		1E42D2F01FBE0DA400C71652 /* LaunchScreen.storyboard */ = {
			isa = PBXVariantGroup;
			children = (
				1E42D2F11FBE0DA400C71652 /* Base */,
			);
			name = LaunchScreen.storyboard;
			sourceTree = "<group>";
		};
/* End PBXVariantGroup section */

/* Begin XCBuildConfiguration section */
		1E42D2F41FBE0DA400C71652 /* Debug */ = {
			isa = XCBuildConfiguration;
			buildSettings = {
				ALWAYS_SEARCH_USER_PATHS = NO;
				CLANG_ANALYZER_NONNULL = YES;
				CLANG_ANALYZER_NUMBER_OBJECT_CONVERSION = YES_AGGRESSIVE;
				CLANG_CXX_LANGUAGE_STANDARD = "gnu++14";
				CLANG_CXX_LIBRARY = "libc++";
				CLANG_ENABLE_MODULES = YES;
				CLANG_ENABLE_OBJC_ARC = YES;
				CLANG_WARN_BLOCK_CAPTURE_AUTORELEASING = YES;
				CLANG_WARN_BOOL_CONVERSION = YES;
				CLANG_WARN_COMMA = YES;
				CLANG_WARN_CONSTANT_CONVERSION = YES;
				CLANG_WARN_DIRECT_OBJC_ISA_USAGE = YES_ERROR;
				CLANG_WARN_DOCUMENTATION_COMMENTS = YES;
				CLANG_WARN_EMPTY_BODY = YES;
				CLANG_WARN_ENUM_CONVERSION = YES;
				CLANG_WARN_INFINITE_RECURSION = YES;
				CLANG_WARN_INT_CONVERSION = YES;
				CLANG_WARN_NON_LITERAL_NULL_CONVERSION = YES;
				CLANG_WARN_OBJC_LITERAL_CONVERSION = YES;
				CLANG_WARN_OBJC_ROOT_CLASS = YES_ERROR;
				CLANG_WARN_RANGE_LOOP_ANALYSIS = YES;
				CLANG_WARN_STRICT_PROTOTYPES = YES;
				CLANG_WARN_SUSPICIOUS_MOVE = YES;
				CLANG_WARN_UNGUARDED_AVAILABILITY = YES_AGGRESSIVE;
				CLANG_WARN_UNREACHABLE_CODE = YES;
				CLANG_WARN__DUPLICATE_METHOD_MATCH = YES;
				CODE_SIGN_IDENTITY = "iPhone Developer";
				COPY_PHASE_STRIP = NO;
				DEBUG_INFORMATION_FORMAT = dwarf;
				ENABLE_STRICT_OBJC_MSGSEND = YES;
				ENABLE_TESTABILITY = YES;
				GCC_C_LANGUAGE_STANDARD = gnu11;
				GCC_DYNAMIC_NO_PIC = NO;
				GCC_NO_COMMON_BLOCKS = YES;
				GCC_OPTIMIZATION_LEVEL = 0;
				GCC_PREPROCESSOR_DEFINITIONS = (
					"DEBUG=1",
					"$(inherited)",
				);
				GCC_WARN_64_TO_32_BIT_CONVERSION = YES;
				GCC_WARN_ABOUT_RETURN_TYPE = YES_ERROR;
				GCC_WARN_UNDECLARED_SELECTOR = YES;
				GCC_WARN_UNINITIALIZED_AUTOS = YES_AGGRESSIVE;
				GCC_WARN_UNUSED_FUNCTION = YES;
				GCC_WARN_UNUSED_VARIABLE = YES;
				IPHONEOS_DEPLOYMENT_TARGET = 11.1;
				MTL_ENABLE_DEBUG_INFO = YES;
				ONLY_ACTIVE_ARCH = YES;
				SDKROOT = iphoneos;
				SWIFT_ACTIVE_COMPILATION_CONDITIONS = DEBUG;
				SWIFT_OPTIMIZATION_LEVEL = "-Onone";
			};
			name = Debug;
		};
		1E42D2F51FBE0DA400C71652 /* Release */ = {
			isa = XCBuildConfiguration;
			buildSettings = {
				ALWAYS_SEARCH_USER_PATHS = NO;
				CLANG_ANALYZER_NONNULL = YES;
				CLANG_ANALYZER_NUMBER_OBJECT_CONVERSION = YES_AGGRESSIVE;
				CLANG_CXX_LANGUAGE_STANDARD = "gnu++14";
				CLANG_CXX_LIBRARY = "libc++";
				CLANG_ENABLE_MODULES = YES;
				CLANG_ENABLE_OBJC_ARC = YES;
				CLANG_WARN_BLOCK_CAPTURE_AUTORELEASING = YES;
				CLANG_WARN_BOOL_CONVERSION = YES;
				CLANG_WARN_COMMA = YES;
				CLANG_WARN_CONSTANT_CONVERSION = YES;
				CLANG_WARN_DIRECT_OBJC_ISA_USAGE = YES_ERROR;
				CLANG_WARN_DOCUMENTATION_COMMENTS = YES;
				CLANG_WARN_EMPTY_BODY = YES;
				CLANG_WARN_ENUM_CONVERSION = YES;
				CLANG_WARN_INFINITE_RECURSION = YES;
				CLANG_WARN_INT_CONVERSION = YES;
				CLANG_WARN_NON_LITERAL_NULL_CONVERSION = YES;
				CLANG_WARN_OBJC_LITERAL_CONVERSION = YES;
				CLANG_WARN_OBJC_ROOT_CLASS = YES_ERROR;
				CLANG_WARN_RANGE_LOOP_ANALYSIS = YES;
				CLANG_WARN_STRICT_PROTOTYPES = YES;
				CLANG_WARN_SUSPICIOUS_MOVE = YES;
				CLANG_WARN_UNGUARDED_AVAILABILITY = YES_AGGRESSIVE;
				CLANG_WARN_UNREACHABLE_CODE = YES;
				CLANG_WARN__DUPLICATE_METHOD_MATCH = YES;
				CODE_SIGN_IDENTITY = "iPhone Developer";
				COPY_PHASE_STRIP = NO;
				DEBUG_INFORMATION_FORMAT = "dwarf-with-dsym";
				ENABLE_NS_ASSERTIONS = NO;
				ENABLE_STRICT_OBJC_MSGSEND = YES;
				GCC_C_LANGUAGE_STANDARD = gnu11;
				GCC_NO_COMMON_BLOCKS = YES;
				GCC_WARN_64_TO_32_BIT_CONVERSION = YES;
				GCC_WARN_ABOUT_RETURN_TYPE = YES_ERROR;
				GCC_WARN_UNDECLARED_SELECTOR = YES;
				GCC_WARN_UNINITIALIZED_AUTOS = YES_AGGRESSIVE;
				GCC_WARN_UNUSED_FUNCTION = YES;
				GCC_WARN_UNUSED_VARIABLE = YES;
				IPHONEOS_DEPLOYMENT_TARGET = 11.1;
				MTL_ENABLE_DEBUG_INFO = NO;
				SDKROOT = iphoneos;
				SWIFT_OPTIMIZATION_LEVEL = "-Owholemodule";
				VALIDATE_PRODUCT = YES;
			};
			name = Release;
		};
		1E42D2F71FBE0DA400C71652 /* Debug */ = {
			isa = XCBuildConfiguration;
			baseConfigurationReference = 5F8ADDD96C932C1F3144A73D /* Pods-UTARider.debug.xcconfig */;
			buildSettings = {
				ASSETCATALOG_COMPILER_APPICON_NAME = AppIcon;
				CODE_SIGN_STYLE = Automatic;
				DEVELOPMENT_TEAM = EL25G2356Q;
				INFOPLIST_FILE = UTARider/Info.plist;
				LD_RUNPATH_SEARCH_PATHS = "$(inherited) @executable_path/Frameworks";
				PRODUCT_BUNDLE_IDENTIFIER = com.Rubenmobile.UTARider;
				PRODUCT_NAME = "$(TARGET_NAME)";
				SWIFT_VERSION = 4.0;
				TARGETED_DEVICE_FAMILY = "1,2";
			};
			name = Debug;
		};
		1E42D2F81FBE0DA400C71652 /* Release */ = {
			isa = XCBuildConfiguration;
			baseConfigurationReference = 1BC6C0CD254E2F351558F76E /* Pods-UTARider.release.xcconfig */;
			buildSettings = {
				ASSETCATALOG_COMPILER_APPICON_NAME = AppIcon;
				CODE_SIGN_STYLE = Automatic;
				DEVELOPMENT_TEAM = EL25G2356Q;
				INFOPLIST_FILE = UTARider/Info.plist;
				LD_RUNPATH_SEARCH_PATHS = "$(inherited) @executable_path/Frameworks";
				PRODUCT_BUNDLE_IDENTIFIER = com.Rubenmobile.UTARider;
				PRODUCT_NAME = "$(TARGET_NAME)";
				SWIFT_VERSION = 4.0;
				TARGETED_DEVICE_FAMILY = "1,2";
			};
			name = Release;
		};
/* End XCBuildConfiguration section */

/* Begin XCConfigurationList section */
		1E42D2DF1FBE0DA400C71652 /* Build configuration list for PBXProject "UTARider" */ = {
			isa = XCConfigurationList;
			buildConfigurations = (
				1E42D2F41FBE0DA400C71652 /* Debug */,
				1E42D2F51FBE0DA400C71652 /* Release */,
			);
			defaultConfigurationIsVisible = 0;
			defaultConfigurationName = Release;
		};
		1E42D2F61FBE0DA400C71652 /* Build configuration list for PBXNativeTarget "UTARider" */ = {
			isa = XCConfigurationList;
			buildConfigurations = (
				1E42D2F71FBE0DA400C71652 /* Debug */,
				1E42D2F81FBE0DA400C71652 /* Release */,
			);
			defaultConfigurationIsVisible = 0;
			defaultConfigurationName = Release;
		};
/* End XCConfigurationList section */
	};
	rootObject = 1E42D2DC1FBE0DA400C71652 /* Project object */;
}
